github.com/Anisia-Klimenko/golang_21school v0.0.0-20221201142436-1c2ce0c800d6 h1:Ajwhgl3erRu+iSw2NHYeNTVPJpgYMqBfCt2Z5YCcVsc=
github.com/Anisia-Klimenko/golang_21school v0.0.0-20221201142436-1c2ce0c800d6/go.mod h1:L2aXR1E/4dn0XMu6WuFujpJ7kg9Zr9jPEMJPY8mA/4U=
github.com/gorilla/mux v1.8.0 h1:i40aqfkR1h2SlN9hojwV5ZA91wcXFOvkdNIeFDP5koI=
github.com/gorilla/mux v1.8.0/go.mod h1:DVbg23sWSpFRCP0SfiEN6jmj59UnW/n46BH5rLB71So=
